
Microsoft Visual Studio Solution File, Format Version 12.00
# Visual Studio 15
VisualStudioVersion = 15.0.28010.2036
MinimumVisualStudioVersion = 10.0.40219.1
Project("{FAE04EC0-301F-11D3-BF4B-00C04F79EFBC}") = "URNA-BOLSONARO", "URNA-BOLSONARO\URNA-BOLSONARO.csproj", "{97DB0830-5BCC-4ED0-8CEF-884AC9B026BA}"
EndProject
Global
	GlobalSection(SolutionConfigurationPlatforms) = preSolution
		Debug|Any CPU = Debug|Any CPU
		Release|Any CPU = Release|Any CPU
	EndGlobalSection
	GlobalSection(ProjectConfigurationPlatforms) = postSolution
		{97DB0830-5BCC-4ED0-8CEF-884AC9B026BA}.Debug|Any CPU.ActiveCfg = Debug|Any CPU
		{97DB0830-5BCC-4ED0-8CEF-884AC9B026BA}.Debug|Any CPU.Build.0 = Debug|Any CPU
		{97DB0830-5BCC-4ED0-8CEF-884AC9B026BA}.Release|Any CPU.ActiveCfg = Release|Any CPU
		{97DB0830-5BCC-4ED0-8CEF-884AC9B026BA}.Release|Any CPU.Build.0 = Release|Any CPU
	EndGlobalSection
	GlobalSection(SolutionProperties) = preSolution
		HideSolutionNode = FALSE
	EndGlobalSection
	GlobalSection(ExtensibilityGlobals) = postSolution
		SolutionGuid = {64F29EFA-6990-4BB2-9E5D-B60F75677BF7}
	EndGlobalSection
EndGlobal
